// !$*UTF8*$!
{
	archiveVersion = 1;
	classes = {
	};
	objectVersion = 46;
	objects = {

/* Begin PBXBuildFile section */
		93A9F36E187759BD000F6179 /* Foundation.framework in Frameworks */ = {isa = PBXBuildFile; fileRef = 93A9F36D187759BD000F6179 /* Foundation.framework */; };
		93A9F373187759BD000F6179 /* BRYVarArgs.h in CopyFiles */ = {isa = PBXBuildFile; fileRef = 93A9F372187759BD000F6179 /* BRYVarArgs.h */; };
		93A9F375187759BD000F6179 /* BRYVarArgs.m in Sources */ = {isa = PBXBuildFile; fileRef = 93A9F374187759BD000F6179 /* BRYVarArgs.m */; };
/* End PBXBuildFile section */

/* Begin PBXCopyFilesBuildPhase section */
		93A9F368187759BD000F6179 /* CopyFiles */ = {
			isa = PBXCopyFilesBuildPhase;
			buildActionMask = 2147483647;
			dstPath = "include/$(PRODUCT_NAME)";
			dstSubfolderSpec = 16;
			files = (
				93A9F373187759BD000F6179 /* BRYVarArgs.h in CopyFiles */,
			);
			runOnlyForDeploymentPostprocessing = 0;
		};
/* End PBXCopyFilesBuildPhase section */

/* Begin PBXFileReference section */
		93A9F36A187759BD000F6179 /* libBRYVarArgs.a */ = {isa = PBXFileReference; explicitFileType = archive.ar; includeInIndex = 0; path = libBRYVarArgs.a; sourceTree = BUILT_PRODUCTS_DIR; };
		93A9F36D187759BD000F6179 /* Foundation.framework */ = {isa = PBXFileReference; lastKnownFileType = wrapper.framework; name = Foundation.framework; path = System/Library/Frameworks/Foundation.framework; sourceTree = SDKROOT; };
		93A9F372187759BD000F6179 /* BRYVarArgs.h */ = {isa = PBXFileReference; lastKnownFileType = sourcecode.c.h; path = BRYVarArgs.h; sourceTree = "<group>"; };
		93A9F374187759BD000F6179 /* BRYVarArgs.m */ = {isa = PBXFileReference; lastKnownFileType = sourcecode.c.objc; path = BRYVarArgs.m; sourceTree = "<group>"; };
		93A9F37B187759BD000F6179 /* XCTest.framework */ = {isa = PBXFileReference; lastKnownFileType = wrapper.framework; name = XCTest.framework; path = Library/Frameworks/XCTest.framework; sourceTree = DEVELOPER_DIR; };
		93A9F37E187759BD000F6179 /* UIKit.framework */ = {isa = PBXFileReference; lastKnownFileType = wrapper.framework; name = UIKit.framework; path = Library/Frameworks/UIKit.framework; sourceTree = DEVELOPER_DIR; };
/* End PBXFileReference section */

/* Begin PBXFrameworksBuildPhase section */
		93A9F367187759BD000F6179 /* Frameworks */ = {
			isa = PBXFrameworksBuildPhase;
			buildActionMask = 2147483647;
			files = (
				93A9F36E187759BD000F6179 /* Foundation.framework in Frameworks */,
			);
			runOnlyForDeploymentPostprocessing = 0;
		};
/* End PBXFrameworksBuildPhase section */

/* Begin PBXGroup section */
		93A9F361187759BD000F6179 = {
			isa = PBXGroup;
			children = (
				93A9F36F187759BD000F6179 /* Classes */,
				93A9F36C187759BD000F6179 /* Frameworks */,
				93A9F36B187759BD000F6179 /* Products */,
			);
			sourceTree = "<group>";
		};
		93A9F36B187759BD000F6179 /* Products */ = {
			isa = PBXGroup;
			children = (
				93A9F36A187759BD000F6179 /* libBRYVarArgs.a */,
			);
			name = Products;
			sourceTree = "<group>";
		};
		93A9F36C187759BD000F6179 /* Frameworks */ = {
			isa = PBXGroup;
			children = (
				93A9F36D187759BD000F6179 /* Foundation.framework */,
				93A9F37B187759BD000F6179 /* XCTest.framework */,
				93A9F37E187759BD000F6179 /* UIKit.framework */,
			);
			name = Frameworks;
			sourceTree = "<group>";
		};
		93A9F36F187759BD000F6179 /* Classes */ = {
			isa = PBXGroup;
			children = (
				93A9F372187759BD000F6179 /* BRYVarArgs.h */,
				93A9F374187759BD000F6179 /* BRYVarArgs.m */,
			);
			path = Classes;
			sourceTree = "<group>";
		};
/* End PBXGroup section */

/* Begin PBXNativeTarget section */
		93A9F369187759BD000F6179 /* BRYVarArgs */ = {
			isa = PBXNativeTarget;
			buildConfigurationList = 93A9F38D187759BD000F6179 /* Build configuration list for PBXNativeTarget "BRYVarArgs" */;
			buildPhases = (
				93A9F366187759BD000F6179 /* Sources */,
				93A9F367187759BD000F6179 /* Frameworks */,
				93A9F368187759BD000F6179 /* CopyFiles */,
			);
			buildRules = (
			);
			dependencies = (
			);
			name = BRYVarArgs;
			productName = BRYVarArgs;
			productReference = 93A9F36A187759BD000F6179 /* libBRYVarArgs.a */;
			productType = "com.apple.product-type.library.static";
		};
/* End PBXNativeTarget section */

/* Begin PBXProject section */
		93A9F362187759BD000F6179 /* Project object */ = {
			isa = PBXProject;
			attributes = {
				LastUpgradeCheck = 0510;
				ORGANIZATIONNAME = "Bryan Irace";
			};
			buildConfigurationList = 93A9F365187759BD000F6179 /* Build configuration list for PBXProject "BRYVarArgs" */;
			compatibilityVersion = "Xcode 3.2";
			developmentRegion = English;
			hasScannedForEncodings = 0;
			knownRegions = (
				en,
			);
			mainGroup = 93A9F361187759BD000F6179;
			productRefGroup = 93A9F36B187759BD000F6179 /* Products */;
			projectDirPath = "";
			projectRoot = "";
			targets = (
				93A9F369187759BD000F6179 /* BRYVarArgs */,
			);
		};
/* End PBXProject section */

/* Begin PBXSourcesBuildPhase section */
		93A9F366187759BD000F6179 /* Sources */ = {
			isa = PBXSourcesBuildPhase;
			buildActionMask = 2147483647;
			files = (
				93A9F375187759BD000F6179 /* BRYVarArgs.m in Sources */,
			);
			runOnlyForDeploymentPostprocessing = 0;
		};
/* End PBXSourcesBuildPhase section */

/* Begin XCBuildConfiguration section */
		93A9F38B187759BD000F6179 /* Debug */ = {
			isa = XCBuildConfiguration;
			buildSettings = {
				ALWAYS_SEARCH_USER_PATHS = NO;
				ARCHS = "$(ARCHS_STANDARD_INCLUDING_64_BIT)";
				CLANG_CXX_LANGUAGE_STANDARD = "gnu++0x";
				CLANG_CXX_LIBRARY = "libc++";
				CLANG_ENABLE_MODULES = YES;
				CLANG_ENABLE_OBJC_ARC = YES;
				CLANG_WARN_BOOL_CONVERSION = YES;
				CLANG_WARN_CONSTANT_CONVERSION = YES;
				CLANG_WARN_DIRECT_OBJC_ISA_USAGE = YES_ERROR;
				CLANG_WARN_EMPTY_BODY = YES;
				CLANG_WARN_ENUM_CONVERSION = YES;
				CLANG_WARN_INT_CONVERSION = YES;
				CLANG_WARN_OBJC_ROOT_CLASS = YES_ERROR;
				CLANG_WARN__DUPLICATE_METHOD_MATCH = YES;
				COPY_PHASE_STRIP = NO;
				GCC_C_LANGUAGE_STANDARD = gnu99;
				GCC_DYNAMIC_NO_PIC = NO;
				GCC_OPTIMIZATION_LEVEL = 0;
				GCC_PREPROCESSOR_DEFINITIONS = (
					"DEBUG=1",
					"$(inherited)",
				);
				GCC_SYMBOLS_PRIVATE_EXTERN = NO;
				GCC_WARN_64_TO_32_BIT_CONVERSION = YES;
				GCC_WARN_ABOUT_RETURN_TYPE = YES_ERROR;
				GCC_WARN_UNDECLARED_SELECTOR = YES;
				GCC_WARN_UNINITIALIZED_AUTOS = YES_AGGRESSIVE;
				GCC_WARN_UNUSED_FUNCTION = YES;
				GCC_WARN_UNUSED_VARIABLE = YES;
				IPHONEOS_DEPLOYMENT_TARGET = 7.1;
				ONLY_ACTIVE_ARCH = YES;
				SDKROOT = iphoneos;
			};
			name = Debug;
		};
		93A9F38C187759BD000F6179 /* Release */ = {
			isa = XCBuildConfiguration;
			buildSettings = {
				ALWAYS_SEARCH_USER_PATHS = NO;
				ARCHS = "$(ARCHS_STANDARD_INCLUDING_64_BIT)";
				CLANG_CXX_LANGUAGE_STANDARD = "gnu++0x";
				CLANG_CXX_LIBRARY = "libc++";
				CLANG_ENABLE_MODULES = YES;
				CLANG_ENABLE_OBJC_ARC = YES;
				CLANG_WARN_BOOL_CONVERSION = YES;
				CLANG_WARN_CONSTANT_CONVERSION = YES;
				CLANG_WARN_DIRECT_OBJC_ISA_USAGE = YES_ERROR;
				CLANG_WARN_EMPTY_BODY = YES;
				CLANG_WARN_ENUM_CONVERSION = YES;
				CLANG_WARN_INT_CONVERSION = YES;
				CLANG_WARN_OBJC_ROOT_CLASS = YES_ERROR;
				CLANG_WARN__DUPLICATE_METHOD_MATCH = YES;
				COPY_PHASE_STRIP = YES;
				ENABLE_NS_ASSERTIONS = NO;
				GCC_C_LANGUAGE_STANDARD = gnu99;
				GCC_WARN_64_TO_32_BIT_CONVERSION = YES;
				GCC_WARN_ABOUT_RETURN_TYPE = YES_ERROR;
				GCC_WARN_UNDECLARED_SELECTOR = YES;
				GCC_WARN_UNINITIALIZED_AUTOS = YES_AGGRESSIVE;
				GCC_WARN_UNUSED_FUNCTION = YES;
				GCC_WARN_UNUSED_VARIABLE = YES;
				IPHONEOS_DEPLOYMENT_TARGET = 7.1;
				SDKROOT = iphoneos;
				VALIDATE_PRODUCT = YES;
			};
			name = Release;
		};
		93A9F38E187759BD000F6179 /* Debug */ = {
			isa = XCBuildConfiguration;
			buildSettings = {
				DSTROOT = /tmp/BRYVarArgs.dst;
				GCC_PRECOMPILE_PREFIX_HEADER = YES;
				OTHER_LDFLAGS = "-ObjC";
				PRODUCT_NAME = "$(TARGET_NAME)";
				SKIP_INSTALL = YES;
			};
			name = Debug;
		};
		93A9F38F187759BD000F6179 /* Release */ = {
			isa = XCBuildConfiguration;
			buildSettings = {
				DSTROOT = /tmp/BRYVarArgs.dst;
				GCC_PRECOMPILE_PREFIX_HEADER = YES;
				OTHER_LDFLAGS = "-ObjC";
				PRODUCT_NAME = "$(TARGET_NAME)";
				SKIP_INSTALL = YES;
			};
			name = Release;
		};
/* End XCBuildConfiguration section */

/* Begin XCConfigurationList section */
		93A9F365187759BD000F6179 /* Build configuration list for PBXProject "BRYVarArgs" */ = {
			isa = XCConfigurationList;
			buildConfigurations = (
				93A9F38B187759BD000F6179 /* Debug */,
				93A9F38C187759BD000F6179 /* Release */,
			);
			defaultConfigurationIsVisible = 0;
			defaultConfigurationName = Release;
		};
		93A9F38D187759BD000F6179 /* Build configuration list for PBXNativeTarget "BRYVarArgs" */ = {
			isa = XCConfigurationList;
			buildConfigurations = (
				93A9F38E187759BD000F6179 /* Debug */,
				93A9F38F187759BD000F6179 /* Release */,
			);
			defaultConfigurationIsVisible = 0;
		};
/* End XCConfigurationList section */
	};
	rootObject = 93A9F362187759BD000F6179 /* Project object */;
}
